
Microsoft Visual Studio Solution File, Format Version 12.00
# Visual Studio 15
VisualStudioVersion = 15.0.28010.2016
MinimumVisualStudioVersion = 10.0.40219.1
Project("{FAE04EC0-301F-11D3-BF4B-00C04F79EFBC}") = "ReaderWriterLock", "ReaderWriterLock\ReaderWriterLock.csproj", "{D68475F4-4592-4A13-B0FF-C0CF80D02006}"
EndProject
Global
	GlobalSection(SolutionConfigurationPlatforms) = preSolution
		Debug|Any CPU = Debug|Any CPU
		Release|Any CPU = Release|Any CPU
	EndGlobalSection
	GlobalSection(ProjectConfigurationPlatforms) = postSolution
		{D68475F4-4592-4A13-B0FF-C0CF80D02006}.Debug|Any CPU.ActiveCfg = Debug|Any CPU
		{D68475F4-4592-4A13-B0FF-C0CF80D02006}.Debug|Any CPU.Build.0 = Debug|Any CPU
		{D68475F4-4592-4A13-B0FF-C0CF80D02006}.Release|Any CPU.ActiveCfg = Release|Any CPU
		{D68475F4-4592-4A13-B0FF-C0CF80D02006}.Release|Any CPU.Build.0 = Release|Any CPU
	EndGlobalSection
	GlobalSection(SolutionProperties) = preSolution
		HideSolutionNode = FALSE
	EndGlobalSection
	GlobalSection(ExtensibilityGlobals) = postSolution
		SolutionGuid = {8C02FDAC-860A-4713-A84A-A124469693C2}
	EndGlobalSection
EndGlobal
