
Microsoft Visual Studio Solution File, Format Version 12.00
# Visual Studio 15
VisualStudioVersion = 15.0.28010.2016
MinimumVisualStudioVersion = 10.0.40219.1
Project("{FAE04EC0-301F-11D3-BF4B-00C04F79EFBC}") = "BubbleSort", "BubbleSort\BubbleSort.csproj", "{599DC24F-8D2B-4018-93CD-F2F824A9DCA9}"
EndProject
Global
	GlobalSection(SolutionConfigurationPlatforms) = preSolution
		Debug|Any CPU = Debug|Any CPU
		Release|Any CPU = Release|Any CPU
	EndGlobalSection
	GlobalSection(ProjectConfigurationPlatforms) = postSolution
		{599DC24F-8D2B-4018-93CD-F2F824A9DCA9}.Debug|Any CPU.ActiveCfg = Debug|Any CPU
		{599DC24F-8D2B-4018-93CD-F2F824A9DCA9}.Debug|Any CPU.Build.0 = Debug|Any CPU
		{599DC24F-8D2B-4018-93CD-F2F824A9DCA9}.Release|Any CPU.ActiveCfg = Release|Any CPU
		{599DC24F-8D2B-4018-93CD-F2F824A9DCA9}.Release|Any CPU.Build.0 = Release|Any CPU
	EndGlobalSection
	GlobalSection(SolutionProperties) = preSolution
		HideSolutionNode = FALSE
	EndGlobalSection
	GlobalSection(ExtensibilityGlobals) = postSolution
		SolutionGuid = {77488665-CCDD-4971-B4FC-A683F6ED9604}
	EndGlobalSection
EndGlobal
