
Microsoft Visual Studio Solution File, Format Version 12.00
# Visual Studio 15
VisualStudioVersion = 15.0.28010.2016
MinimumVisualStudioVersion = 10.0.40219.1
Project("{FAE04EC0-301F-11D3-BF4B-00C04F79EFBC}") = "TelasPoncho", "TelasPoncho\TelasPoncho.csproj", "{EB778492-3AD3-4A20-B3C8-FEED0FDA450B}"
EndProject
Global
	GlobalSection(SolutionConfigurationPlatforms) = preSolution
		Debug|Any CPU = Debug|Any CPU
		Release|Any CPU = Release|Any CPU
	EndGlobalSection
	GlobalSection(ProjectConfigurationPlatforms) = postSolution
		{EB778492-3AD3-4A20-B3C8-FEED0FDA450B}.Debug|Any CPU.ActiveCfg = Debug|Any CPU
		{EB778492-3AD3-4A20-B3C8-FEED0FDA450B}.Debug|Any CPU.Build.0 = Debug|Any CPU
		{EB778492-3AD3-4A20-B3C8-FEED0FDA450B}.Release|Any CPU.ActiveCfg = Release|Any CPU
		{EB778492-3AD3-4A20-B3C8-FEED0FDA450B}.Release|Any CPU.Build.0 = Release|Any CPU
	EndGlobalSection
	GlobalSection(SolutionProperties) = preSolution
		HideSolutionNode = FALSE
	EndGlobalSection
	GlobalSection(ExtensibilityGlobals) = postSolution
		SolutionGuid = {F9CCC93B-91B4-4804-A78A-48F5287B872E}
	EndGlobalSection
EndGlobal
