
Microsoft Visual Studio Solution File, Format Version 12.00
# Visual Studio 15
VisualStudioVersion = 15.0.28010.2016
MinimumVisualStudioVersion = 10.0.40219.1
Project("{FAE04EC0-301F-11D3-BF4B-00C04F79EFBC}") = "Herencia", "Herencia\Herencia.csproj", "{55C0B33F-4567-4719-901A-252728BDA81C}"
EndProject
Global
	GlobalSection(SolutionConfigurationPlatforms) = preSolution
		Debug|Any CPU = Debug|Any CPU
		Release|Any CPU = Release|Any CPU
	EndGlobalSection
	GlobalSection(ProjectConfigurationPlatforms) = postSolution
		{55C0B33F-4567-4719-901A-252728BDA81C}.Debug|Any CPU.ActiveCfg = Debug|Any CPU
		{55C0B33F-4567-4719-901A-252728BDA81C}.Debug|Any CPU.Build.0 = Debug|Any CPU
		{55C0B33F-4567-4719-901A-252728BDA81C}.Release|Any CPU.ActiveCfg = Release|Any CPU
		{55C0B33F-4567-4719-901A-252728BDA81C}.Release|Any CPU.Build.0 = Release|Any CPU
	EndGlobalSection
	GlobalSection(SolutionProperties) = preSolution
		HideSolutionNode = FALSE
	EndGlobalSection
	GlobalSection(ExtensibilityGlobals) = postSolution
		SolutionGuid = {C4E18D72-DCCA-49AC-91A2-8C1AF1EDA920}
	EndGlobalSection
EndGlobal
