
Microsoft Visual Studio Solution File, Format Version 12.00
# Visual Studio 15
VisualStudioVersion = 15.0.28010.2016
MinimumVisualStudioVersion = 10.0.40219.1
Project("{FAE04EC0-301F-11D3-BF4B-00C04F79EFBC}") = "SortingAlgorithms", "SortingAlgorithms\SortingAlgorithms.csproj", "{A5B7E379-0241-4A5B-BFDB-552721925051}"
EndProject
Global
	GlobalSection(SolutionConfigurationPlatforms) = preSolution
		Debug|Any CPU = Debug|Any CPU
		Release|Any CPU = Release|Any CPU
	EndGlobalSection
	GlobalSection(ProjectConfigurationPlatforms) = postSolution
		{A5B7E379-0241-4A5B-BFDB-552721925051}.Debug|Any CPU.ActiveCfg = Debug|Any CPU
		{A5B7E379-0241-4A5B-BFDB-552721925051}.Debug|Any CPU.Build.0 = Debug|Any CPU
		{A5B7E379-0241-4A5B-BFDB-552721925051}.Release|Any CPU.ActiveCfg = Release|Any CPU
		{A5B7E379-0241-4A5B-BFDB-552721925051}.Release|Any CPU.Build.0 = Release|Any CPU
	EndGlobalSection
	GlobalSection(SolutionProperties) = preSolution
		HideSolutionNode = FALSE
	EndGlobalSection
	GlobalSection(ExtensibilityGlobals) = postSolution
		SolutionGuid = {FFB5EA59-1957-4E14-B75E-36FC6817BBD5}
	EndGlobalSection
EndGlobal
