
Microsoft Visual Studio Solution File, Format Version 12.00
# Visual Studio 15
VisualStudioVersion = 15.0.28010.2016
MinimumVisualStudioVersion = 10.0.40219.1
Project("{FAE04EC0-301F-11D3-BF4B-00C04F79EFBC}") = "CalculaRectangulo", "CalculaRectangulo\CalculaRectangulo.csproj", "{9A656259-5646-484E-A04B-1BFCEDC563FD}"
EndProject
Global
	GlobalSection(SolutionConfigurationPlatforms) = preSolution
		Debug|Any CPU = Debug|Any CPU
		Release|Any CPU = Release|Any CPU
	EndGlobalSection
	GlobalSection(ProjectConfigurationPlatforms) = postSolution
		{9A656259-5646-484E-A04B-1BFCEDC563FD}.Debug|Any CPU.ActiveCfg = Debug|Any CPU
		{9A656259-5646-484E-A04B-1BFCEDC563FD}.Debug|Any CPU.Build.0 = Debug|Any CPU
		{9A656259-5646-484E-A04B-1BFCEDC563FD}.Release|Any CPU.ActiveCfg = Release|Any CPU
		{9A656259-5646-484E-A04B-1BFCEDC563FD}.Release|Any CPU.Build.0 = Release|Any CPU
	EndGlobalSection
	GlobalSection(SolutionProperties) = preSolution
		HideSolutionNode = FALSE
	EndGlobalSection
	GlobalSection(ExtensibilityGlobals) = postSolution
		SolutionGuid = {CCD10211-8728-4B4A-91D3-5D90AE2AE6AB}
	EndGlobalSection
EndGlobal
