
Microsoft Visual Studio Solution File, Format Version 12.00
# Visual Studio 15
VisualStudioVersion = 15.0.28010.2016
MinimumVisualStudioVersion = 10.0.40219.1
Project("{FAE04EC0-301F-11D3-BF4B-00C04F79EFBC}") = "SpinLock", "SpinLock\SpinLock.csproj", "{FB915464-BF6D-48D9-A52B-3F9AF8C92C61}"
EndProject
Global
	GlobalSection(SolutionConfigurationPlatforms) = preSolution
		Debug|Any CPU = Debug|Any CPU
		Release|Any CPU = Release|Any CPU
	EndGlobalSection
	GlobalSection(ProjectConfigurationPlatforms) = postSolution
		{FB915464-BF6D-48D9-A52B-3F9AF8C92C61}.Debug|Any CPU.ActiveCfg = Debug|Any CPU
		{FB915464-BF6D-48D9-A52B-3F9AF8C92C61}.Debug|Any CPU.Build.0 = Debug|Any CPU
		{FB915464-BF6D-48D9-A52B-3F9AF8C92C61}.Release|Any CPU.ActiveCfg = Release|Any CPU
		{FB915464-BF6D-48D9-A52B-3F9AF8C92C61}.Release|Any CPU.Build.0 = Release|Any CPU
	EndGlobalSection
	GlobalSection(SolutionProperties) = preSolution
		HideSolutionNode = FALSE
	EndGlobalSection
	GlobalSection(ExtensibilityGlobals) = postSolution
		SolutionGuid = {64A38603-A634-4247-AE8E-605A2D811C61}
	EndGlobalSection
EndGlobal
