
Microsoft Visual Studio Solution File, Format Version 12.00
# Visual Studio 15
VisualStudioVersion = 15.0.28010.2016
MinimumVisualStudioVersion = 10.0.40219.1
Project("{FAE04EC0-301F-11D3-BF4B-00C04F79EFBC}") = "QuickSort", "QuickSort\QuickSort.csproj", "{0E97BA60-93C2-43F0-8B69-75C8CE6D5965}"
EndProject
Global
	GlobalSection(SolutionConfigurationPlatforms) = preSolution
		Debug|Any CPU = Debug|Any CPU
		Release|Any CPU = Release|Any CPU
	EndGlobalSection
	GlobalSection(ProjectConfigurationPlatforms) = postSolution
		{0E97BA60-93C2-43F0-8B69-75C8CE6D5965}.Debug|Any CPU.ActiveCfg = Debug|Any CPU
		{0E97BA60-93C2-43F0-8B69-75C8CE6D5965}.Debug|Any CPU.Build.0 = Debug|Any CPU
		{0E97BA60-93C2-43F0-8B69-75C8CE6D5965}.Release|Any CPU.ActiveCfg = Release|Any CPU
		{0E97BA60-93C2-43F0-8B69-75C8CE6D5965}.Release|Any CPU.Build.0 = Release|Any CPU
	EndGlobalSection
	GlobalSection(SolutionProperties) = preSolution
		HideSolutionNode = FALSE
	EndGlobalSection
	GlobalSection(ExtensibilityGlobals) = postSolution
		SolutionGuid = {49099078-7EE9-486F-92D2-751EA9FF84A2}
	EndGlobalSection
EndGlobal
